Microsoft Visual Studio Solution File, Format Version 12.00
# Visual Studio 2012
Project("{FAE04EC0-301F-11D3-BF4B-00C04F79EFBC}") = "Godot-facilement-assets Csharp - Copie", "Godot-facilement-assets Csharp - Copie.csproj", "{50D7C947-DAEB-4EFE-B382-4455CD553650}"
EndProject
Global
	GlobalSection(SolutionConfigurationPlatforms) = preSolution
	Debug|Any CPU = Debug|Any CPU
	ExportDebug|Any CPU = ExportDebug|Any CPU
	ExportRelease|Any CPU = ExportRelease|Any CPU
	EndGlobalSection
	GlobalSection(ProjectConfigurationPlatforms) = postSolution
		{50D7C947-DAEB-4EFE-B382-4455CD553650}.Debug|Any CPU.ActiveCfg = Debug|Any CPU
		{50D7C947-DAEB-4EFE-B382-4455CD553650}.Debug|Any CPU.Build.0 = Debug|Any CPU
		{50D7C947-DAEB-4EFE-B382-4455CD553650}.ExportDebug|Any CPU.ActiveCfg = ExportDebug|Any CPU
		{50D7C947-DAEB-4EFE-B382-4455CD553650}.ExportDebug|Any CPU.Build.0 = ExportDebug|Any CPU
		{50D7C947-DAEB-4EFE-B382-4455CD553650}.ExportRelease|Any CPU.ActiveCfg = ExportRelease|Any CPU
		{50D7C947-DAEB-4EFE-B382-4455CD553650}.ExportRelease|Any CPU.Build.0 = ExportRelease|Any CPU
	EndGlobalSection
EndGlobal
